
Microsoft Visual Studio Solution File, Format Version 12.00
# Visual Studio Version 17
VisualStudioVersion = 17.5.33424.131
MinimumVisualStudioVersion = 10.0.40219.1
Project("{FAE04EC0-301F-11D3-BF4B-00C04F79EFBC}") = "Lab03Consola", "Lab03Consola\Lab03Consola.csproj", "{3EF03881-0464-4CCC-9B94-33737B577441}"
EndProject
Project("{FAE04EC0-301F-11D3-BF4B-00C04F79EFBC}") = "Lab03WPF", "Lab03WPF\Lab03WPF.csproj", "{95CC3D18-03B1-4F5D-9CDE-1DE0F391518D}"
EndProject
Global
	GlobalSection(SolutionConfigurationPlatforms) = preSolution
		Debug|Any CPU = Debug|Any CPU
		Release|Any CPU = Release|Any CPU
	EndGlobalSection
	GlobalSection(ProjectConfigurationPlatforms) = postSolution
		{3EF03881-0464-4CCC-9B94-33737B577441}.Debug|Any CPU.ActiveCfg = Debug|Any CPU
		{3EF03881-0464-4CCC-9B94-33737B577441}.Debug|Any CPU.Build.0 = Debug|Any CPU
		{3EF03881-0464-4CCC-9B94-33737B577441}.Release|Any CPU.ActiveCfg = Release|Any CPU
		{3EF03881-0464-4CCC-9B94-33737B577441}.Release|Any CPU.Build.0 = Release|Any CPU
		{95CC3D18-03B1-4F5D-9CDE-1DE0F391518D}.Debug|Any CPU.ActiveCfg = Debug|Any CPU
		{95CC3D18-03B1-4F5D-9CDE-1DE0F391518D}.Debug|Any CPU.Build.0 = Debug|Any CPU
		{95CC3D18-03B1-4F5D-9CDE-1DE0F391518D}.Release|Any CPU.ActiveCfg = Release|Any CPU
		{95CC3D18-03B1-4F5D-9CDE-1DE0F391518D}.Release|Any CPU.Build.0 = Release|Any CPU
	EndGlobalSection
	GlobalSection(SolutionProperties) = preSolution
		HideSolutionNode = FALSE
	EndGlobalSection
	GlobalSection(ExtensibilityGlobals) = postSolution
		SolutionGuid = {951D1626-AF0B-4DEA-B412-7473CBBA1FD5}
	EndGlobalSection
EndGlobal
